
Microsoft Visual Studio Solution File, Format Version 12.00
# Visual Studio 15
VisualStudioVersion = 15.0.28010.2016
MinimumVisualStudioVersion = 10.0.40219.1
Project("{FAE04EC0-301F-11D3-BF4B-00C04F79EFBC}") = "Self_Service_Cash_Box", "Self_Service_Cash_Box\Self_Service_Cash_Box.csproj", "{37661D4F-1055-4D80-91B4-A60AE967CA9C}"
EndProject
Global
	GlobalSection(SolutionConfigurationPlatforms) = preSolution
		Debug|Any CPU = Debug|Any CPU
		Release|Any CPU = Release|Any CPU
	EndGlobalSection
	GlobalSection(ProjectConfigurationPlatforms) = postSolution
		{37661D4F-1055-4D80-91B4-A60AE967CA9C}.Debug|Any CPU.ActiveCfg = Debug|Any CPU
		{37661D4F-1055-4D80-91B4-A60AE967CA9C}.Debug|Any CPU.Build.0 = Debug|Any CPU
		{37661D4F-1055-4D80-91B4-A60AE967CA9C}.Release|Any CPU.ActiveCfg = Release|Any CPU
		{37661D4F-1055-4D80-91B4-A60AE967CA9C}.Release|Any CPU.Build.0 = Release|Any CPU
	EndGlobalSection
	GlobalSection(SolutionProperties) = preSolution
		HideSolutionNode = FALSE
	EndGlobalSection
	GlobalSection(ExtensibilityGlobals) = postSolution
		SolutionGuid = {B8C1104E-01A5-45BA-80A6-24928F0C1831}
	EndGlobalSection
EndGlobal
